
Microsoft Visual Studio Solution File, Format Version 12.00
# Visual Studio Version 17
VisualStudioVersion = 17.14.36202.13
MinimumVisualStudioVersion = 10.0.40219.1
Project("{8BC9CEB8-8B4A-11D0-8D11-00A0C91BC942}") = "RTC6_Controller", "RTC6_Controller\RTC6_Controller.vcxproj", "{92B2BB74-3351-4550-81BB-804054C4B06C}"
	ProjectSection(ProjectDependencies) = postProject
		{9C32B6C1-D4EF-4BF8-94A7-E6EBDA59EA59} = {9C32B6C1-D4EF-4BF8-94A7-E6EBDA59EA59}
	EndProjectSection
EndProject
Project("{8BC9CEB8-8B4A-11D0-8D11-00A0C91BC942}") = "RTC6_Controller_Tests", "RTC6_Controller_Tests\RTC6_Controller_Tests.vcxproj", "{1AA91AA8-0851-4672-B365-169354C5C828}"
	ProjectSection(ProjectDependencies) = postProject
		{4DF5136E-B3AA-4420-AA8A-962344A66910} = {4DF5136E-B3AA-4420-AA8A-962344A66910}
	EndProjectSection
EndProject
Project("{8BC9CEB8-8B4A-11D0-8D11-00A0C91BC942}") = "RTC6_Main", "RTC6_Main\RTC6_Main.vcxproj", "{B9CB7912-858F-4EE1-B736-FB9D6410316B}"
EndProject
Project("{8BC9CEB8-8B4A-11D0-8D11-00A0C91BC942}") = "Ovf_Core", "Ovf_Core\Ovf_Core.vcxproj", "{9C32B6C1-D4EF-4BF8-94A7-E6EBDA59EA59}"
EndProject
Project("{FAE04EC0-301F-11D3-BF4B-00C04F79EFBC}") = "OvfFileWriter", "OvfFileWriter\OvfFileWriter.csproj", "{4DF5136E-B3AA-4420-AA8A-962344A66910}"
EndProject
Global
	GlobalSection(SolutionConfigurationPlatforms) = preSolution
		Debug|Any CPU = Debug|Any CPU
		Debug|x64 = Debug|x64
		Debug|x86 = Debug|x86
		Release|Any CPU = Release|Any CPU
		Release|x64 = Release|x64
		Release|x86 = Release|x86
	EndGlobalSection
	GlobalSection(ProjectConfigurationPlatforms) = postSolution
		{92B2BB74-3351-4550-81BB-804054C4B06C}.Debug|Any CPU.ActiveCfg = Debug|x64
		{92B2BB74-3351-4550-81BB-804054C4B06C}.Debug|Any CPU.Build.0 = Debug|x64
		{92B2BB74-3351-4550-81BB-804054C4B06C}.Debug|x64.ActiveCfg = Debug|x64
		{92B2BB74-3351-4550-81BB-804054C4B06C}.Debug|x64.Build.0 = Debug|x64
		{92B2BB74-3351-4550-81BB-804054C4B06C}.Debug|x86.ActiveCfg = Debug|Win32
		{92B2BB74-3351-4550-81BB-804054C4B06C}.Debug|x86.Build.0 = Debug|Win32
		{92B2BB74-3351-4550-81BB-804054C4B06C}.Release|Any CPU.ActiveCfg = Release|x64
		{92B2BB74-3351-4550-81BB-804054C4B06C}.Release|Any CPU.Build.0 = Release|x64
		{92B2BB74-3351-4550-81BB-804054C4B06C}.Release|x64.ActiveCfg = Release|x64
		{92B2BB74-3351-4550-81BB-804054C4B06C}.Release|x64.Build.0 = Release|x64
		{92B2BB74-3351-4550-81BB-804054C4B06C}.Release|x86.ActiveCfg = Release|Win32
		{92B2BB74-3351-4550-81BB-804054C4B06C}.Release|x86.Build.0 = Release|Win32
		{1AA91AA8-0851-4672-B365-169354C5C828}.Debug|Any CPU.ActiveCfg = Debug|x64
		{1AA91AA8-0851-4672-B365-169354C5C828}.Debug|Any CPU.Build.0 = Debug|x64
		{1AA91AA8-0851-4672-B365-169354C5C828}.Debug|x64.ActiveCfg = Debug|x64
		{1AA91AA8-0851-4672-B365-169354C5C828}.Debug|x64.Build.0 = Debug|x64
		{1AA91AA8-0851-4672-B365-169354C5C828}.Debug|x86.ActiveCfg = Debug|Win32
		{1AA91AA8-0851-4672-B365-169354C5C828}.Debug|x86.Build.0 = Debug|Win32
		{1AA91AA8-0851-4672-B365-169354C5C828}.Release|Any CPU.ActiveCfg = Release|x64
		{1AA91AA8-0851-4672-B365-169354C5C828}.Release|Any CPU.Build.0 = Release|x64
		{1AA91AA8-0851-4672-B365-169354C5C828}.Release|x64.ActiveCfg = Release|x64
		{1AA91AA8-0851-4672-B365-169354C5C828}.Release|x64.Build.0 = Release|x64
		{1AA91AA8-0851-4672-B365-169354C5C828}.Release|x86.ActiveCfg = Release|Win32
		{1AA91AA8-0851-4672-B365-169354C5C828}.Release|x86.Build.0 = Release|Win32
		{B9CB7912-858F-4EE1-B736-FB9D6410316B}.Debug|Any CPU.ActiveCfg = Debug|x64
		{B9CB7912-858F-4EE1-B736-FB9D6410316B}.Debug|Any CPU.Build.0 = Debug|x64
		{B9CB7912-858F-4EE1-B736-FB9D6410316B}.Debug|x64.ActiveCfg = Debug|x64
		{B9CB7912-858F-4EE1-B736-FB9D6410316B}.Debug|x64.Build.0 = Debug|x64
		{B9CB7912-858F-4EE1-B736-FB9D6410316B}.Debug|x86.ActiveCfg = Debug|Win32
		{B9CB7912-858F-4EE1-B736-FB9D6410316B}.Debug|x86.Build.0 = Debug|Win32
		{B9CB7912-858F-4EE1-B736-FB9D6410316B}.Release|Any CPU.ActiveCfg = Release|x64
		{B9CB7912-858F-4EE1-B736-FB9D6410316B}.Release|Any CPU.Build.0 = Release|x64
		{B9CB7912-858F-4EE1-B736-FB9D6410316B}.Release|x64.ActiveCfg = Release|x64
		{B9CB7912-858F-4EE1-B736-FB9D6410316B}.Release|x64.Build.0 = Release|x64
		{B9CB7912-858F-4EE1-B736-FB9D6410316B}.Release|x86.ActiveCfg = Release|Win32
		{B9CB7912-858F-4EE1-B736-FB9D6410316B}.Release|x86.Build.0 = Release|Win32
		{9C32B6C1-D4EF-4BF8-94A7-E6EBDA59EA59}.Debug|Any CPU.ActiveCfg = Debug|x64
		{9C32B6C1-D4EF-4BF8-94A7-E6EBDA59EA59}.Debug|Any CPU.Build.0 = Debug|x64
		{9C32B6C1-D4EF-4BF8-94A7-E6EBDA59EA59}.Debug|x64.ActiveCfg = Debug|x64
		{9C32B6C1-D4EF-4BF8-94A7-E6EBDA59EA59}.Debug|x64.Build.0 = Debug|x64
		{9C32B6C1-D4EF-4BF8-94A7-E6EBDA59EA59}.Debug|x86.ActiveCfg = Debug|Win32
		{9C32B6C1-D4EF-4BF8-94A7-E6EBDA59EA59}.Debug|x86.Build.0 = Debug|Win32
		{9C32B6C1-D4EF-4BF8-94A7-E6EBDA59EA59}.Release|Any CPU.ActiveCfg = Release|x64
		{9C32B6C1-D4EF-4BF8-94A7-E6EBDA59EA59}.Release|Any CPU.Build.0 = Release|x64
		{9C32B6C1-D4EF-4BF8-94A7-E6EBDA59EA59}.Release|x64.ActiveCfg = Release|x64
		{9C32B6C1-D4EF-4BF8-94A7-E6EBDA59EA59}.Release|x64.Build.0 = Release|x64
		{9C32B6C1-D4EF-4BF8-94A7-E6EBDA59EA59}.Release|x86.ActiveCfg = Release|Win32
		{9C32B6C1-D4EF-4BF8-94A7-E6EBDA59EA59}.Release|x86.Build.0 = Release|Win32
		{4DF5136E-B3AA-4420-AA8A-962344A66910}.Debug|Any CPU.ActiveCfg = Debug|Any CPU
		{4DF5136E-B3AA-4420-AA8A-962344A66910}.Debug|Any CPU.Build.0 = Debug|Any CPU
		{4DF5136E-B3AA-4420-AA8A-962344A66910}.Debug|x64.ActiveCfg = Debug|Any CPU
		{4DF5136E-B3AA-4420-AA8A-962344A66910}.Debug|x64.Build.0 = Debug|Any CPU
		{4DF5136E-B3AA-4420-AA8A-962344A66910}.Debug|x86.ActiveCfg = Debug|Any CPU
		{4DF5136E-B3AA-4420-AA8A-962344A66910}.Debug|x86.Build.0 = Debug|Any CPU
		{4DF5136E-B3AA-4420-AA8A-962344A66910}.Release|Any CPU.ActiveCfg = Release|Any CPU
		{4DF5136E-B3AA-4420-AA8A-962344A66910}.Release|Any CPU.Build.0 = Release|Any CPU
		{4DF5136E-B3AA-4420-AA8A-962344A66910}.Release|x64.ActiveCfg = Release|Any CPU
		{4DF5136E-B3AA-4420-AA8A-962344A66910}.Release|x64.Build.0 = Release|Any CPU
		{4DF5136E-B3AA-4420-AA8A-962344A66910}.Release|x86.ActiveCfg = Release|Any CPU
		{4DF5136E-B3AA-4420-AA8A-962344A66910}.Release|x86.Build.0 = Release|Any CPU
	EndGlobalSection
	GlobalSection(SolutionProperties) = preSolution
		HideSolutionNode = FALSE
	EndGlobalSection
	GlobalSection(ExtensibilityGlobals) = postSolution
		SolutionGuid = {90CBF84B-602A-4EA4-88C1-DD36A09B4BCD}
	EndGlobalSection
EndGlobal
