
Microsoft Visual Studio Solution File, Format Version 12.00
# Visual Studio Version 17
VisualStudioVersion = 17.14.36202.13
MinimumVisualStudioVersion = 10.0.40219.1
Project("{8BC9CEB8-8B4A-11D0-8D11-00A0C91BC942}") = "RTC6_Controller", "RTC6_Controller\RTC6_Controller.vcxproj", "{92B2BB74-3351-4550-81BB-804054C4B06C}"
EndProject
Project("{8BC9CEB8-8B4A-11D0-8D11-00A0C91BC942}") = "RTC6_Controller_Tests", "RTC6_Controller_Tests\RTC6_Controller_Tests.vcxproj", "{1AA91AA8-0851-4672-B365-169354C5C828}"
EndProject
Global
	GlobalSection(SolutionConfigurationPlatforms) = preSolution
		Debug|x64 = Debug|x64
		Debug|x86 = Debug|x86
		Release|x64 = Release|x64
		Release|x86 = Release|x86
	EndGlobalSection
	GlobalSection(ProjectConfigurationPlatforms) = postSolution
		{92B2BB74-3351-4550-81BB-804054C4B06C}.Debug|x64.ActiveCfg = Debug|x64
		{92B2BB74-3351-4550-81BB-804054C4B06C}.Debug|x64.Build.0 = Debug|x64
		{92B2BB74-3351-4550-81BB-804054C4B06C}.Debug|x86.ActiveCfg = Debug|Win32
		{92B2BB74-3351-4550-81BB-804054C4B06C}.Debug|x86.Build.0 = Debug|Win32
		{92B2BB74-3351-4550-81BB-804054C4B06C}.Release|x64.ActiveCfg = Release|x64
		{92B2BB74-3351-4550-81BB-804054C4B06C}.Release|x64.Build.0 = Release|x64
		{92B2BB74-3351-4550-81BB-804054C4B06C}.Release|x86.ActiveCfg = Release|Win32
		{92B2BB74-3351-4550-81BB-804054C4B06C}.Release|x86.Build.0 = Release|Win32
		{1AA91AA8-0851-4672-B365-169354C5C828}.Debug|x64.ActiveCfg = Debug|x64
		{1AA91AA8-0851-4672-B365-169354C5C828}.Debug|x64.Build.0 = Debug|x64
		{1AA91AA8-0851-4672-B365-169354C5C828}.Debug|x86.ActiveCfg = Debug|Win32
		{1AA91AA8-0851-4672-B365-169354C5C828}.Debug|x86.Build.0 = Debug|Win32
		{1AA91AA8-0851-4672-B365-169354C5C828}.Release|x64.ActiveCfg = Release|x64
		{1AA91AA8-0851-4672-B365-169354C5C828}.Release|x64.Build.0 = Release|x64
		{1AA91AA8-0851-4672-B365-169354C5C828}.Release|x86.ActiveCfg = Release|Win32
		{1AA91AA8-0851-4672-B365-169354C5C828}.Release|x86.Build.0 = Release|Win32
	EndGlobalSection
	GlobalSection(SolutionProperties) = preSolution
		HideSolutionNode = FALSE
	EndGlobalSection
	GlobalSection(ExtensibilityGlobals) = postSolution
		SolutionGuid = {90CBF84B-602A-4EA4-88C1-DD36A09B4BCD}
	EndGlobalSection
EndGlobal
