<?xml version="1.0" encoding="utf-8"?>
<Project ToolsVersion="4.0" xmlns="http://schemas.microsoft.com/developer/msbuild/2003">
  <ItemGroup>
    <Filter Include="Source Files">
      <UniqueIdentifier>{4FC737F1-C7A5-4376-A066-2A32D752A2FF}</UniqueIdentifier>
      <Extensions>cpp;c;cc;cxx;c++;cppm;ixx;def;odl;idl;hpj;bat;asm;asmx</Extensions>
    </Filter>
    <Filter Include="Header Files">
      <UniqueIdentifier>{93995380-89BD-4b04-88EB-625FBE52EBFB}</UniqueIdentifier>
      <Extensions>h;hh;hpp;hxx;h++;hm;inl;inc;ipp;xsd</Extensions>
    </Filter>
    <Filter Include="Resource Files">
      <UniqueIdentifier>{67DA6AB6-F800-4c08-8B7A-83BB121AAD01}</UniqueIdentifier>
      <Extensions>rc;ico;cur;bmp;dlg;rc2;rct;bin;rgs;gif;jpg;jpeg;jpe;resx;tiff;tif;png;wav;mfcribbon-ms</Extensions>
    </Filter>
    <Filter Include="Interfaces">
      <UniqueIdentifier>{fdbe07e6-611c-406f-bd1c-eed5be96d484}</UniqueIdentifier>
    </Filter>
    <Filter Include="Header Files\Constants">
      <UniqueIdentifier>{ea8c0715-0461-4f20-acf8-992b42d31f36}</UniqueIdentifier>
    </Filter>
    <Filter Include="Header Files\Exceptions">
      <UniqueIdentifier>{32aa1977-af86-4c83-a58a-5765f459104e}</UniqueIdentifier>
    </Filter>
  </ItemGroup>
  <ItemGroup>
    <ClCompile Include="Rtc6Communicator.cpp">
      <Filter>Source Files</Filter>
    </ClCompile>
    <ClCompile Include="ListHandler.cpp">
      <Filter>Source Files</Filter>
    </ClCompile>
    <ClCompile Include="GeometryHandler.cpp">
      <Filter>Source Files</Filter>
    </ClCompile>
    <ClCompile Include="RtcApiWrapper.cpp">
      <Filter>Source Files</Filter>
    </ClCompile>
    <ClCompile Include="OvfParser.cpp">
      <Filter>Source Files</Filter>
    </ClCompile>
    <ClCompile Include="..\RTC6_Main\PrintController.cpp">
      <Filter>Source Files</Filter>
    </ClCompile>
    <ClCompile Include="ConsoleUI.cpp">
      <Filter>Source Files</Filter>
    </ClCompile>
  </ItemGroup>
  <ItemGroup>
    <ClInclude Include="Rtc6Communicator.h">
      <Filter>Header Files</Filter>
    </ClInclude>
    <ClInclude Include="ListHandler.h">
      <Filter>Header Files</Filter>
    </ClInclude>
    <ClInclude Include="GeometryHandler.h">
      <Filter>Header Files</Filter>
    </ClInclude>
    <ClInclude Include="InterfaceRtcApi.h">
      <Filter>Interfaces</Filter>
    </ClInclude>
    <ClInclude Include="InterfaceCommunicator.h">
      <Filter>Interfaces</Filter>
    </ClInclude>
    <ClInclude Include="InterfaceListHandler.h">
      <Filter>Interfaces</Filter>
    </ClInclude>
    <ClInclude Include="RtcApiWrapper.h">
      <Filter>Header Files</Filter>
    </ClInclude>
    <ClInclude Include="OvfParser.h">
      <Filter>Header Files</Filter>
    </ClInclude>
    <ClInclude Include="..\RTC6_Main\PrintController.h">
      <Filter>Header Files</Filter>
    </ClInclude>
    <ClInclude Include="MachineConfig.h">
      <Filter>Header Files\Constants</Filter>
    </ClInclude>
    <ClInclude Include="Rtc6Constants.h">
      <Filter>Header Files\Constants</Filter>
    </ClInclude>
    <ClInclude Include="InterfaceGeometryHandler.h">
      <Filter>Interfaces</Filter>
    </ClInclude>
    <ClInclude Include="InterfacePrintController.h">
      <Filter>Interfaces</Filter>
    </ClInclude>
    <ClInclude Include="InterfaceOvfParser.h">
      <Filter>Interfaces</Filter>
    </ClInclude>
    <ClInclude Include="PrintJobConfig.h">
      <Filter>Header Files\Constants</Filter>
    </ClInclude>
    <ClInclude Include="InterfaceUI.h">
      <Filter>Interfaces</Filter>
    </ClInclude>
    <ClInclude Include="ConsoleUI.h">
      <Filter>Header Files</Filter>
    </ClInclude>
    <ClInclude Include="Rtc6Exception.h">
      <Filter>Header Files\Exceptions</Filter>
    </ClInclude>
  </ItemGroup>
</Project>