<?xml version="1.0" encoding="utf-8"?>
<Project ToolsVersion="4.0" xmlns="http://schemas.microsoft.com/developer/msbuild/2003">
  <ItemGroup>
    <ClCompile Include="$(MSBuildThisFileDirectory)..\..\lib\native\src\gmock\gmock-all.cc">
      <Filter>Settings</Filter>
    </ClCompile>
    <ClCompile Include="..\packages\gmock.1.11.0\lib\native\src\gtest\src\gtest_main.cc">
      <Filter>Settings</Filter>
    </ClCompile>
    <ClCompile Include="$(MSBuildThisFileDirectory)..\..\lib\native\src\gtest\gtest-all.cc">
      <Filter>Settings</Filter>
    </ClCompile>
    <ClCompile Include="GeometryHandler_InteractionTests.cpp" />
    <ClCompile Include="GeometryHandler_LogicTests.cpp" />
    <ClCompile Include="pch.cpp">
      <Filter>Settings</Filter>
    </ClCompile>
    <ClCompile Include="ListHandler_InteractionTests.cpp" />
    <ClCompile Include="ListHandler_LogicTests.cpp" />
    <ClCompile Include="OvfParser_Tests.cpp" />
  </ItemGroup>
  <ItemGroup>
    <ClInclude Include="resource.h">
      <Filter>Settings</Filter>
    </ClInclude>
    <ClInclude Include="pch.h">
      <Filter>Settings</Filter>
    </ClInclude>
    <ClInclude Include="MockRtcApi.h">
      <Filter>Mocks</Filter>
    </ClInclude>
    <ClInclude Include="MockCommunicator.h">
      <Filter>Mocks</Filter>
    </ClInclude>
    <ClInclude Include="MockListHandler.h">
      <Filter>Mocks</Filter>
    </ClInclude>
  </ItemGroup>
  <ItemGroup>
    <Filter Include="Settings">
      <UniqueIdentifier>{023e2c2a-5e53-4ded-801a-4823d2570b4a}</UniqueIdentifier>
    </Filter>
    <Filter Include="Mocks">
      <UniqueIdentifier>{6dd1a6cd-d3a4-46f7-826a-410ecf06be80}</UniqueIdentifier>
    </Filter>
  </ItemGroup>
  <ItemGroup>
    <None Include="packages.config">
      <Filter>Settings</Filter>
    </None>
  </ItemGroup>
  <ItemGroup>
    <ResourceCompile Include="RTC6_Controller_Tests.rc">
      <Filter>Settings</Filter>
    </ResourceCompile>
  </ItemGroup>
</Project>